// !$*UTF8*$!
{
	archiveVersion = 1;
	classes = {
	};
	objectVersion = 60;
	objects = {

/* Begin PBXBuildFile section */
		E741F5352AE1AB1100F23573 /* DataPM in Frameworks */ = {isa = PBXBuildFile; productRef = E741F5342AE1AB1100F23573 /* DataPM */; };
		E741F5402AE1B41F00F23573 /* TaskModel.swift in Sources */ = {isa = PBXBuildFile; fileRef = E741F53F2AE1B41F00F23573 /* TaskModel.swift */; };
		E741F5442AE1B73B00F23573 /* TaskViewModel.swift in Sources */ = {isa = PBXBuildFile; fileRef = E741F5432AE1B73B00F23573 /* TaskViewModel.swift */; };
		E741F5472AE1C99D00F23573 /* TaskModel.xcdatamodeld in Sources */ = {isa = PBXBuildFile; fileRef = E741F5452AE1C99D00F23573 /* TaskModel.xcdatamodeld */; };
		E741F54A2AE1C9CF00F23573 /* TaskEntity+CoreDataClass.swift in Sources */ = {isa = PBXBuildFile; fileRef = E741F5482AE1C9CF00F23573 /* TaskEntity+CoreDataClass.swift */; };
		E741F54B2AE1C9CF00F23573 /* TaskEntity+CoreDataProperties.swift in Sources */ = {isa = PBXBuildFile; fileRef = E741F5492AE1C9CF00F23573 /* TaskEntity+CoreDataProperties.swift */; };
		E741F54D2AE1D36100F23573 /* TaskScreen.swift in Sources */ = {isa = PBXBuildFile; fileRef = E741F54C2AE1D36100F23573 /* TaskScreen.swift */; };
		E7AE764E2AE08F7C00178396 /* Configurator.swift in Sources */ = {isa = PBXBuildFile; fileRef = E7AE764D2AE08F7C00178396 /* Configurator.swift */; };
		E7AE76502AE08F9000178396 /* ServiceLocator.swift in Sources */ = {isa = PBXBuildFile; fileRef = E7AE764F2AE08F9000178396 /* ServiceLocator.swift */; };
		E7AE76522AE08FBD00178396 /* InjectedWrapper.swift in Sources */ = {isa = PBXBuildFile; fileRef = E7AE76512AE08FBD00178396 /* InjectedWrapper.swift */; };
		E7C1F2792AD86E4300451386 /* To_DoApp.swift in Sources */ = {isa = PBXBuildFile; fileRef = E7C1F2782AD86E4300451386 /* To_DoApp.swift */; };
		E7C1F27B2AD86E4300451386 /* ContentView.swift in Sources */ = {isa = PBXBuildFile; fileRef = E7C1F27A2AD86E4300451386 /* ContentView.swift */; };
		E7C1F27D2AD86E4500451386 /* Assets.xcassets in Resources */ = {isa = PBXBuildFile; fileRef = E7C1F27C2AD86E4500451386 /* Assets.xcassets */; };
		E7C1F2802AD86E4500451386 /* Preview Assets.xcassets in Resources */ = {isa = PBXBuildFile; fileRef = E7C1F27F2AD86E4500451386 /* Preview Assets.xcassets */; };
		E7C1F2872AD88FE600451386 /* UI.swift in Sources */ = {isa = PBXBuildFile; fileRef = E7C1F2862AD88FE600451386 /* UI.swift */; };
/* End PBXBuildFile section */

/* Begin PBXFileReference section */
		E741F5202AE194C400F23573 /* CoreDataPM */ = {isa = PBXFileReference; lastKnownFileType = wrapper; path = CoreDataPM; sourceTree = "<group>"; };
		E741F53F2AE1B41F00F23573 /* TaskModel.swift */ = {isa = PBXFileReference; lastKnownFileType = sourcecode.swift; path = TaskModel.swift; sourceTree = "<group>"; };
		E741F5432AE1B73B00F23573 /* TaskViewModel.swift */ = {isa = PBXFileReference; lastKnownFileType = sourcecode.swift; path = TaskViewModel.swift; sourceTree = "<group>"; };
		E741F5462AE1C99D00F23573 /* TaskModel.xcdatamodel */ = {isa = PBXFileReference; lastKnownFileType = wrapper.xcdatamodel; path = TaskModel.xcdatamodel; sourceTree = "<group>"; };
		E741F5482AE1C9CF00F23573 /* TaskEntity+CoreDataClass.swift */ = {isa = PBXFileReference; lastKnownFileType = sourcecode.swift; path = "TaskEntity+CoreDataClass.swift"; sourceTree = "<group>"; };
		E741F5492AE1C9CF00F23573 /* TaskEntity+CoreDataProperties.swift */ = {isa = PBXFileReference; lastKnownFileType = sourcecode.swift; path = "TaskEntity+CoreDataProperties.swift"; sourceTree = "<group>"; };
		E741F54C2AE1D36100F23573 /* TaskScreen.swift */ = {isa = PBXFileReference; lastKnownFileType = sourcecode.swift; path = TaskScreen.swift; sourceTree = "<group>"; };
		E7AE764D2AE08F7C00178396 /* Configurator.swift */ = {isa = PBXFileReference; lastKnownFileType = sourcecode.swift; path = Configurator.swift; sourceTree = "<group>"; };
		E7AE764F2AE08F9000178396 /* ServiceLocator.swift */ = {isa = PBXFileReference; lastKnownFileType = sourcecode.swift; path = ServiceLocator.swift; sourceTree = "<group>"; };
		E7AE76512AE08FBD00178396 /* InjectedWrapper.swift */ = {isa = PBXFileReference; lastKnownFileType = sourcecode.swift; path = InjectedWrapper.swift; sourceTree = "<group>"; };
		E7C1F2752AD86E4300451386 /* To_Do.app */ = {isa = PBXFileReference; explicitFileType = wrapper.application; includeInIndex = 0; path = To_Do.app; sourceTree = BUILT_PRODUCTS_DIR; };
		E7C1F2782AD86E4300451386 /* To_DoApp.swift */ = {isa = PBXFileReference; lastKnownFileType = sourcecode.swift; path = To_DoApp.swift; sourceTree = "<group>"; };
		E7C1F27A2AD86E4300451386 /* ContentView.swift */ = {isa = PBXFileReference; lastKnownFileType = sourcecode.swift; path = ContentView.swift; sourceTree = "<group>"; };
		E7C1F27C2AD86E4500451386 /* Assets.xcassets */ = {isa = PBXFileReference; lastKnownFileType = folder.assetcatalog; path = Assets.xcassets; sourceTree = "<group>"; };
		E7C1F27F2AD86E4500451386 /* Preview Assets.xcassets */ = {isa = PBXFileReference; lastKnownFileType = folder.assetcatalog; path = "Preview Assets.xcassets"; sourceTree = "<group>"; };
		E7C1F2862AD88FE600451386 /* UI.swift */ = {isa = PBXFileReference; lastKnownFileType = sourcecode.swift; path = UI.swift; sourceTree = "<group>"; };
/* End PBXFileReference section */

/* Begin PBXFrameworksBuildPhase section */
		E7C1F2722AD86E4300451386 /* Frameworks */ = {
			isa = PBXFrameworksBuildPhase;
			buildActionMask = 2147483647;
			files = (
				E741F5352AE1AB1100F23573 /* DataPM in Frameworks */,
			);
			runOnlyForDeploymentPostprocessing = 0;
		};
/* End PBXFrameworksBuildPhase section */

/* Begin PBXGroup section */
		E741F51F2AE1944300F23573 /* Frameworks */ = {
			isa = PBXGroup;
			children = (
				E741F5202AE194C400F23573 /* CoreDataPM */,
			);
			name = Frameworks;
			sourceTree = "<group>";
		};
		E741F52E2AE1A6BF00F23573 /* CoreData */ = {
			isa = PBXGroup;
			children = (
				E741F5482AE1C9CF00F23573 /* TaskEntity+CoreDataClass.swift */,
				E741F5492AE1C9CF00F23573 /* TaskEntity+CoreDataProperties.swift */,
				E741F5452AE1C99D00F23573 /* TaskModel.xcdatamodeld */,
			);
			path = CoreData;
			sourceTree = "<group>";
		};
		E741F53A2AE1B3B700F23573 /* Models */ = {
			isa = PBXGroup;
			children = (
				E741F53F2AE1B41F00F23573 /* TaskModel.swift */,
			);
			path = Models;
			sourceTree = "<group>";
		};
		E741F5422AE1B72400F23573 /* ViewModels */ = {
			isa = PBXGroup;
			children = (
				E741F5432AE1B73B00F23573 /* TaskViewModel.swift */,
			);
			path = ViewModels;
			sourceTree = "<group>";
		};
		E7AE764C2AE08F6000178396 /* Configuration */ = {
			isa = PBXGroup;
			children = (
				E7AE764D2AE08F7C00178396 /* Configurator.swift */,
				E7AE764F2AE08F9000178396 /* ServiceLocator.swift */,
				E7AE76512AE08FBD00178396 /* InjectedWrapper.swift */,
			);
			path = Configuration;
			sourceTree = "<group>";
		};
		E7C1F26C2AD86E4300451386 = {
			isa = PBXGroup;
			children = (
				E741F52E2AE1A6BF00F23573 /* CoreData */,
				E7C1F2772AD86E4300451386 /* To_Do */,
				E7C1F2762AD86E4300451386 /* Products */,
				E741F51F2AE1944300F23573 /* Frameworks */,
			);
			sourceTree = "<group>";
		};
		E7C1F2762AD86E4300451386 /* Products */ = {
			isa = PBXGroup;
			children = (
				E7C1F2752AD86E4300451386 /* To_Do.app */,
			);
			name = Products;
			sourceTree = "<group>";
		};
		E7C1F2772AD86E4300451386 /* To_Do */ = {
			isa = PBXGroup;
			children = (
				E741F5422AE1B72400F23573 /* ViewModels */,
				E741F53A2AE1B3B700F23573 /* Models */,
				E7AE764C2AE08F6000178396 /* Configuration */,
				E7C1F2862AD88FE600451386 /* UI.swift */,
				E7C1F2782AD86E4300451386 /* To_DoApp.swift */,
				E7C1F27A2AD86E4300451386 /* ContentView.swift */,
				E7C1F27C2AD86E4500451386 /* Assets.xcassets */,
				E7C1F27E2AD86E4500451386 /* Preview Content */,
				E741F54C2AE1D36100F23573 /* TaskScreen.swift */,
			);
			path = To_Do;
			sourceTree = "<group>";
		};
		E7C1F27E2AD86E4500451386 /* Preview Content */ = {
			isa = PBXGroup;
			children = (
				E7C1F27F2AD86E4500451386 /* Preview Assets.xcassets */,
			);
			path = "Preview Content";
			sourceTree = "<group>";
		};
/* End PBXGroup section */

/* Begin PBXNativeTarget section */
		E7C1F2742AD86E4300451386 /* To_Do */ = {
			isa = PBXNativeTarget;
			buildConfigurationList = E7C1F2832AD86E4500451386 /* Build configuration list for PBXNativeTarget "To_Do" */;
			buildPhases = (
				E7C1F2712AD86E4300451386 /* Sources */,
				E7C1F2722AD86E4300451386 /* Frameworks */,
				E7C1F2732AD86E4300451386 /* Resources */,
			);
			buildRules = (
			);
			dependencies = (
			);
			name = To_Do;
			packageProductDependencies = (
				E741F5342AE1AB1100F23573 /* DataPM */,
			);
			productName = To_Do;
			productReference = E7C1F2752AD86E4300451386 /* To_Do.app */;
			productType = "com.apple.product-type.application";
		};
/* End PBXNativeTarget section */

/* Begin PBXProject section */
		E7C1F26D2AD86E4300451386 /* Project object */ = {
			isa = PBXProject;
			attributes = {
				BuildIndependentTargetsInParallel = 1;
				LastSwiftUpdateCheck = 1500;
				LastUpgradeCheck = 1500;
				TargetAttributes = {
					E7C1F2742AD86E4300451386 = {
						CreatedOnToolsVersion = 15.0;
					};
				};
			};
			buildConfigurationList = E7C1F2702AD86E4300451386 /* Build configuration list for PBXProject "To_Do" */;
			compatibilityVersion = "Xcode 14.0";
			developmentRegion = en;
			hasScannedForEncodings = 0;
			knownRegions = (
				en,
				Base,
			);
			mainGroup = E7C1F26C2AD86E4300451386;
			packageReferences = (
				E741F5332AE1AB1100F23573 /* XCLocalSwiftPackageReference "DataPM" */,
			);
			productRefGroup = E7C1F2762AD86E4300451386 /* Products */;
			projectDirPath = "";
			projectRoot = "";
			targets = (
				E7C1F2742AD86E4300451386 /* To_Do */,
			);
		};
/* End PBXProject section */

/* Begin PBXResourcesBuildPhase section */
		E7C1F2732AD86E4300451386 /* Resources */ = {
			isa = PBXResourcesBuildPhase;
			buildActionMask = 2147483647;
			files = (
				E7C1F2802AD86E4500451386 /* Preview Assets.xcassets in Resources */,
				E7C1F27D2AD86E4500451386 /* Assets.xcassets in Resources */,
			);
			runOnlyForDeploymentPostprocessing = 0;
		};
/* End PBXResourcesBuildPhase section */

/* Begin PBXSourcesBuildPhase section */
		E7C1F2712AD86E4300451386 /* Sources */ = {
			isa = PBXSourcesBuildPhase;
			buildActionMask = 2147483647;
			files = (
				E741F5442AE1B73B00F23573 /* TaskViewModel.swift in Sources */,
				E7AE764E2AE08F7C00178396 /* Configurator.swift in Sources */,
				E741F5472AE1C99D00F23573 /* TaskModel.xcdatamodeld in Sources */,
				E7AE76502AE08F9000178396 /* ServiceLocator.swift in Sources */,
				E741F54B2AE1C9CF00F23573 /* TaskEntity+CoreDataProperties.swift in Sources */,
				E741F5402AE1B41F00F23573 /* TaskModel.swift in Sources */,
				E7C1F27B2AD86E4300451386 /* ContentView.swift in Sources */,
				E7C1F2792AD86E4300451386 /* To_DoApp.swift in Sources */,
				E7C1F2872AD88FE600451386 /* UI.swift in Sources */,
				E7AE76522AE08FBD00178396 /* InjectedWrapper.swift in Sources */,
				E741F54D2AE1D36100F23573 /* TaskScreen.swift in Sources */,
				E741F54A2AE1C9CF00F23573 /* TaskEntity+CoreDataClass.swift in Sources */,
			);
			runOnlyForDeploymentPostprocessing = 0;
		};
/* End PBXSourcesBuildPhase section */

/* Begin XCBuildConfiguration section */
		E7C1F2812AD86E4500451386 /* Debug */ = {
			isa = XCBuildConfiguration;
			buildSettings = {
				ALWAYS_SEARCH_USER_PATHS = NO;
				ASSETCATALOG_COMPILER_GENERATE_SWIFT_ASSET_SYMBOL_EXTENSIONS = YES;
				CLANG_ANALYZER_NONNULL = YES;
				CLANG_ANALYZER_NUMBER_OBJECT_CONVERSION = YES_AGGRESSIVE;
				CLANG_CXX_LANGUAGE_STANDARD = "gnu++20";
				CLANG_ENABLE_MODULES = YES;
				CLANG_ENABLE_OBJC_ARC = YES;
				CLANG_ENABLE_OBJC_WEAK = YES;
				CLANG_WARN_BLOCK_CAPTURE_AUTORELEASING = YES;
				CLANG_WARN_BOOL_CONVERSION = YES;
				CLANG_WARN_COMMA = YES;
				CLANG_WARN_CONSTANT_CONVERSION = YES;
				CLANG_WARN_DEPRECATED_OBJC_IMPLEMENTATIONS = YES;
				CLANG_WARN_DIRECT_OBJC_ISA_USAGE = YES_ERROR;
				CLANG_WARN_DOCUMENTATION_COMMENTS = YES;
				CLANG_WARN_EMPTY_BODY = YES;
				CLANG_WARN_ENUM_CONVERSION = YES;
				CLANG_WARN_INFINITE_RECURSION = YES;
				CLANG_WARN_INT_CONVERSION = YES;
				CLANG_WARN_NON_LITERAL_NULL_CONVERSION = YES;
				CLANG_WARN_OBJC_IMPLICIT_RETAIN_SELF = YES;
				CLANG_WARN_OBJC_LITERAL_CONVERSION = YES;
				CLANG_WARN_OBJC_ROOT_CLASS = YES_ERROR;
				CLANG_WARN_QUOTED_INCLUDE_IN_FRAMEWORK_HEADER = YES;
				CLANG_WARN_RANGE_LOOP_ANALYSIS = YES;
				CLANG_WARN_STRICT_PROTOTYPES = YES;
				CLANG_WARN_SUSPICIOUS_MOVE = YES;
				CLANG_WARN_UNGUARDED_AVAILABILITY = YES_AGGRESSIVE;
				CLANG_WARN_UNREACHABLE_CODE = YES;
				CLANG_WARN__DUPLICATE_METHOD_MATCH = YES;
				COPY_PHASE_STRIP = NO;
				DEBUG_INFORMATION_FORMAT = dwarf;
				ENABLE_STRICT_OBJC_MSGSEND = YES;
				ENABLE_TESTABILITY = YES;
				ENABLE_USER_SCRIPT_SANDBOXING = YES;
				GCC_C_LANGUAGE_STANDARD = gnu17;
				GCC_DYNAMIC_NO_PIC = NO;
				GCC_NO_COMMON_BLOCKS = YES;
				GCC_OPTIMIZATION_LEVEL = 0;
				GCC_PREPROCESSOR_DEFINITIONS = (
					"DEBUG=1",
					"$(inherited)",
				);
				GCC_WARN_64_TO_32_BIT_CONVERSION = YES;
				GCC_WARN_ABOUT_RETURN_TYPE = YES_ERROR;
				GCC_WARN_UNDECLARED_SELECTOR = YES;
				GCC_WARN_UNINITIALIZED_AUTOS = YES_AGGRESSIVE;
				GCC_WARN_UNUSED_FUNCTION = YES;
				GCC_WARN_UNUSED_VARIABLE = YES;
				IPHONEOS_DEPLOYMENT_TARGET = 17.0;
				LOCALIZATION_PREFERS_STRING_CATALOGS = YES;
				MTL_ENABLE_DEBUG_INFO = INCLUDE_SOURCE;
				MTL_FAST_MATH = YES;
				ONLY_ACTIVE_ARCH = YES;
				SDKROOT = iphoneos;
				SWIFT_ACTIVE_COMPILATION_CONDITIONS = "DEBUG $(inherited)";
				SWIFT_OPTIMIZATION_LEVEL = "-Onone";
			};
			name = Debug;
		};
		E7C1F2822AD86E4500451386 /* Release */ = {
			isa = XCBuildConfiguration;
			buildSettings = {
				ALWAYS_SEARCH_USER_PATHS = NO;
				ASSETCATALOG_COMPILER_GENERATE_SWIFT_ASSET_SYMBOL_EXTENSIONS = YES;
				CLANG_ANALYZER_NONNULL = YES;
				CLANG_ANALYZER_NUMBER_OBJECT_CONVERSION = YES_AGGRESSIVE;
				CLANG_CXX_LANGUAGE_STANDARD = "gnu++20";
				CLANG_ENABLE_MODULES = YES;
				CLANG_ENABLE_OBJC_ARC = YES;
				CLANG_ENABLE_OBJC_WEAK = YES;
				CLANG_WARN_BLOCK_CAPTURE_AUTORELEASING = YES;
				CLANG_WARN_BOOL_CONVERSION = YES;
				CLANG_WARN_COMMA = YES;
				CLANG_WARN_CONSTANT_CONVERSION = YES;
				CLANG_WARN_DEPRECATED_OBJC_IMPLEMENTATIONS = YES;
				CLANG_WARN_DIRECT_OBJC_ISA_USAGE = YES_ERROR;
				CLANG_WARN_DOCUMENTATION_COMMENTS = YES;
				CLANG_WARN_EMPTY_BODY = YES;
				CLANG_WARN_ENUM_CONVERSION = YES;
				CLANG_WARN_INFINITE_RECURSION = YES;
				CLANG_WARN_INT_CONVERSION = YES;
				CLANG_WARN_NON_LITERAL_NULL_CONVERSION = YES;
				CLANG_WARN_OBJC_IMPLICIT_RETAIN_SELF = YES;
				CLANG_WARN_OBJC_LITERAL_CONVERSION = YES;
				CLANG_WARN_OBJC_ROOT_CLASS = YES_ERROR;
				CLANG_WARN_QUOTED_INCLUDE_IN_FRAMEWORK_HEADER = YES;
				CLANG_WARN_RANGE_LOOP_ANALYSIS = YES;
				CLANG_WARN_STRICT_PROTOTYPES = YES;
				CLANG_WARN_SUSPICIOUS_MOVE = YES;
				CLANG_WARN_UNGUARDED_AVAILABILITY = YES_AGGRESSIVE;
				CLANG_WARN_UNREACHABLE_CODE = YES;
				CLANG_WARN__DUPLICATE_METHOD_MATCH = YES;
				COPY_PHASE_STRIP = NO;
				DEBUG_INFORMATION_FORMAT = "dwarf-with-dsym";
				ENABLE_NS_ASSERTIONS = NO;
				ENABLE_STRICT_OBJC_MSGSEND = YES;
				ENABLE_USER_SCRIPT_SANDBOXING = YES;
				GCC_C_LANGUAGE_STANDARD = gnu17;
				GCC_NO_COMMON_BLOCKS = YES;
				GCC_WARN_64_TO_32_BIT_CONVERSION = YES;
				GCC_WARN_ABOUT_RETURN_TYPE = YES_ERROR;
				GCC_WARN_UNDECLARED_SELECTOR = YES;
				GCC_WARN_UNINITIALIZED_AUTOS = YES_AGGRESSIVE;
				GCC_WARN_UNUSED_FUNCTION = YES;
				GCC_WARN_UNUSED_VARIABLE = YES;
				IPHONEOS_DEPLOYMENT_TARGET = 17.0;
				LOCALIZATION_PREFERS_STRING_CATALOGS = YES;
				MTL_ENABLE_DEBUG_INFO = NO;
				MTL_FAST_MATH = YES;
				SDKROOT = iphoneos;
				SWIFT_COMPILATION_MODE = wholemodule;
				VALIDATE_PRODUCT = YES;
			};
			name = Release;
		};
		E7C1F2842AD86E4500451386 /* Debug */ = {
			isa = XCBuildConfiguration;
			buildSettings = {
				ASSETCATALOG_COMPILER_APPICON_NAME = AppIcon;
				ASSETCATALOG_COMPILER_GLOBAL_ACCENT_COLOR_NAME = AccentColor;
				CODE_SIGN_STYLE = Automatic;
				CURRENT_PROJECT_VERSION = 1;
				DEVELOPMENT_ASSET_PATHS = "\"To_Do/Preview Content\"";
				DEVELOPMENT_TEAM = W2M8AABV3R;
				ENABLE_PREVIEWS = YES;
				GENERATE_INFOPLIST_FILE = YES;
				INFOPLIST_KEY_UIApplicationSceneManifest_Generation = YES;
				INFOPLIST_KEY_UIApplicationSupportsIndirectInputEvents = YES;
				INFOPLIST_KEY_UILaunchScreen_Generation = YES;
				INFOPLIST_KEY_UISupportedInterfaceOrientations_iPad = "UIInterfaceOrientationPortrait UIInterfaceOrientationPortraitUpsideDown UIInterfaceOrientationLandscapeLeft UIInterfaceOrientationLandscapeRight";
				INFOPLIST_KEY_UISupportedInterfaceOrientations_iPhone = "UIInterfaceOrientationPortrait UIInterfaceOrientationLandscapeLeft UIInterfaceOrientationLandscapeRight";
				LD_RUNPATH_SEARCH_PATHS = (
					"$(inherited)",
					"@executable_path/Frameworks",
				);
				MARKETING_VERSION = 1.0;
				PRODUCT_BUNDLE_IDENTIFIER = "anniersh.To-Do";
				PRODUCT_NAME = "$(TARGET_NAME)";
				SWIFT_EMIT_LOC_STRINGS = YES;
				SWIFT_VERSION = 5.0;
				TARGETED_DEVICE_FAMILY = "1,2";
			};
			name = Debug;
		};
		E7C1F2852AD86E4500451386 /* Release */ = {
			isa = XCBuildConfiguration;
			buildSettings = {
				ASSETCATALOG_COMPILER_APPICON_NAME = AppIcon;
				ASSETCATALOG_COMPILER_GLOBAL_ACCENT_COLOR_NAME = AccentColor;
				CODE_SIGN_STYLE = Automatic;
				CURRENT_PROJECT_VERSION = 1;
				DEVELOPMENT_ASSET_PATHS = "\"To_Do/Preview Content\"";
				DEVELOPMENT_TEAM = W2M8AABV3R;
				ENABLE_PREVIEWS = YES;
				GENERATE_INFOPLIST_FILE = YES;
				INFOPLIST_KEY_UIApplicationSceneManifest_Generation = YES;
				INFOPLIST_KEY_UIApplicationSupportsIndirectInputEvents = YES;
				INFOPLIST_KEY_UILaunchScreen_Generation = YES;
				INFOPLIST_KEY_UISupportedInterfaceOrientations_iPad = "UIInterfaceOrientationPortrait UIInterfaceOrientationPortraitUpsideDown UIInterfaceOrientationLandscapeLeft UIInterfaceOrientationLandscapeRight";
				INFOPLIST_KEY_UISupportedInterfaceOrientations_iPhone = "UIInterfaceOrientationPortrait UIInterfaceOrientationLandscapeLeft UIInterfaceOrientationLandscapeRight";
				LD_RUNPATH_SEARCH_PATHS = (
					"$(inherited)",
					"@executable_path/Frameworks",
				);
				MARKETING_VERSION = 1.0;
				PRODUCT_BUNDLE_IDENTIFIER = "anniersh.To-Do";
				PRODUCT_NAME = "$(TARGET_NAME)";
				SWIFT_EMIT_LOC_STRINGS = YES;
				SWIFT_VERSION = 5.0;
				TARGETED_DEVICE_FAMILY = "1,2";
			};
			name = Release;
		};
/* End XCBuildConfiguration section */

/* Begin XCConfigurationList section */
		E7C1F2702AD86E4300451386 /* Build configuration list for PBXProject "To_Do" */ = {
			isa = XCConfigurationList;
			buildConfigurations = (
				E7C1F2812AD86E4500451386 /* Debug */,
				E7C1F2822AD86E4500451386 /* Release */,
			);
			defaultConfigurationIsVisible = 0;
			defaultConfigurationName = Release;
		};
		E7C1F2832AD86E4500451386 /* Build configuration list for PBXNativeTarget "To_Do" */ = {
			isa = XCConfigurationList;
			buildConfigurations = (
				E7C1F2842AD86E4500451386 /* Debug */,
				E7C1F2852AD86E4500451386 /* Release */,
			);
			defaultConfigurationIsVisible = 0;
			defaultConfigurationName = Release;
		};
/* End XCConfigurationList section */

/* Begin XCLocalSwiftPackageReference section */
		E741F5332AE1AB1100F23573 /* XCLocalSwiftPackageReference "DataPM" */ = {
			isa = XCLocalSwiftPackageReference;
			relativePath = DataPM;
		};
/* End XCLocalSwiftPackageReference section */

/* Begin XCSwiftPackageProductDependency section */
		E741F5342AE1AB1100F23573 /* DataPM */ = {
			isa = XCSwiftPackageProductDependency;
			productName = DataPM;
		};
/* End XCSwiftPackageProductDependency section */

/* Begin XCVersionGroup section */
		E741F5452AE1C99D00F23573 /* TaskModel.xcdatamodeld */ = {
			isa = XCVersionGroup;
			children = (
				E741F5462AE1C99D00F23573 /* TaskModel.xcdatamodel */,
			);
			currentVersion = E741F5462AE1C99D00F23573 /* TaskModel.xcdatamodel */;
			path = TaskModel.xcdatamodeld;
			sourceTree = "<group>";
			versionGroupType = wrapper.xcdatamodel;
		};
/* End XCVersionGroup section */
	};
	rootObject = E7C1F26D2AD86E4300451386 /* Project object */;
}
